
Microsoft Visual Studio Solution File, Format Version 12.00
# Visual Studio Version 17
VisualStudioVersion = 17.0.31903.59
MinimumVisualStudioVersion = 10.0.40219.1
Project("{FAE04EC0-301F-11D3-BF4B-00C04F79EFBC}") = "SchoolDataIntegration.Domain", "src\SchoolDataIntegration.Domain\SchoolDataIntegration.Domain.csproj", "{1A0ECF35-AE58-47E6-8D08-5784E7509C91}"
EndProject
Project("{FAE04EC0-301F-11D3-BF4B-00C04F79EFBC}") = "SchoolDataIntegration.Application", "src\SchoolDataIntegration.Application\SchoolDataIntegration.Application.csproj", "{2A0ECF35-AE58-47E6-8D08-5784E7509C92}"
EndProject
Project("{FAE04EC0-301F-11D3-BF4B-00C04F79EFBC}") = "SchoolDataIntegration.Infrastructure", "src\SchoolDataIntegration.Infrastructure\SchoolDataIntegration.Infrastructure.csproj", "{3A0ECF35-AE58-47E6-8D08-5784E7509C93}"
EndProject
Project("{FAE04EC0-301F-11D3-BF4B-00C04F79EFBC}") = "SchoolDataIntegration.Api", "src\SchoolDataIntegration.Api\SchoolDataIntegration.Api.csproj", "{4B0ECF35-AE58-47E6-8D08-5784E7509C94}"
EndProject
Project("{FAE04EC0-301F-11D3-BF4B-00C04F79EFBC}") = "SchoolDataIntegration.Tests", "tests\SchoolDataIntegration.Tests\SchoolDataIntegration.Tests.csproj", "{D7F0CDD8-96DE-4036-943D-96E45CA9640E}"
EndProject
Global
	GlobalSection(SolutionConfigurationPlatforms) = preSolution
		Debug|Any CPU = Debug|Any CPU
		Release|Any CPU = Release|Any CPU
	EndGlobalSection
	GlobalSection(ProjectConfigurationPlatforms) = postSolution
		{1A0ECF35-AE58-47E6-8D08-5784E7509C91}.Debug|Any CPU.ActiveCfg = Debug|Any CPU
		{1A0ECF35-AE58-47E6-8D08-5784E7509C91}.Debug|Any CPU.Build.0 = Debug|Any CPU
		{1A0ECF35-AE58-47E6-8D08-5784E7509C91}.Release|Any CPU.ActiveCfg = Release|Any CPU
		{1A0ECF35-AE58-47E6-8D08-5784E7509C91}.Release|Any CPU.Build.0 = Release|Any CPU
		{2A0ECF35-AE58-47E6-8D08-5784E7509C92}.Debug|Any CPU.ActiveCfg = Debug|Any CPU
		{2A0ECF35-AE58-47E6-8D08-5784E7509C92}.Debug|Any CPU.Build.0 = Debug|Any CPU
		{2A0ECF35-AE58-47E6-8D08-5784E7509C92}.Release|Any CPU.ActiveCfg = Release|Any CPU
		{2A0ECF35-AE58-47E6-8D08-5784E7509C92}.Release|Any CPU.Build.0 = Release|Any CPU
		{3A0ECF35-AE58-47E6-8D08-5784E7509C93}.Debug|Any CPU.ActiveCfg = Debug|Any CPU
		{3A0ECF35-AE58-47E6-8D08-5784E7509C93}.Debug|Any CPU.Build.0 = Debug|Any CPU
		{3A0ECF35-AE58-47E6-8D08-5784E7509C93}.Release|Any CPU.ActiveCfg = Release|Any CPU
		{3A0ECF35-AE58-47E6-8D08-5784E7509C93}.Release|Any CPU.Build.0 = Release|Any CPU
		{4B0ECF35-AE58-47E6-8D08-5784E7509C94}.Debug|Any CPU.ActiveCfg = Debug|Any CPU
		{4B0ECF35-AE58-47E6-8D08-5784E7509C94}.Debug|Any CPU.Build.0 = Debug|Any CPU
		{4B0ECF35-AE58-47E6-8D08-5784E7509C94}.Release|Any CPU.ActiveCfg = Release|Any CPU
		{4B0ECF35-AE58-47E6-8D08-5784E7509C94}.Release|Any CPU.Build.0 = Release|Any CPU
		{D7F0CDD8-96DE-4036-943D-96E45CA9640E}.Debug|Any CPU.ActiveCfg = Debug|Any CPU
		{D7F0CDD8-96DE-4036-943D-96E45CA9640E}.Debug|Any CPU.Build.0 = Debug|Any CPU
		{D7F0CDD8-96DE-4036-943D-96E45CA9640E}.Release|Any CPU.ActiveCfg = Release|Any CPU
		{D7F0CDD8-96DE-4036-943D-96E45CA9640E}.Release|Any CPU.Build.0 = Release|Any CPU
	EndGlobalSection
	GlobalSection(SolutionProperties) = preSolution
		HideSolutionNode = FALSE
	EndGlobalSection
EndGlobal
